{
    "name": "ikea-store-server",
    "version": "1.0.0",
    "lockfileVersion": 3,
    "requires": true,
    "packages": {
        "": {
            "name": "ikea-store-server",
            "version": "1.0.0",
            "dependencies": {
                "ikea-store-server": "file:"
            }
        },
        "node_modules/ikea-store-server": {
            "resolved": "",
            "link": true
        }
    }
}
